
Microsoft Visual Studio Solution File, Format Version 12.00
# Visual Studio Version 16
VisualStudioVersion = 16.0.29519.181
MinimumVisualStudioVersion = 10.0.40219.1
Project("{FAE04EC0-301F-11D3-BF4B-00C04F79EFBC}") = "Laborarorio2", "Laborarorio2\Laborarorio2.csproj", "{2592F509-20D7-4B7D-8EAF-B588182DF9D3}"
EndProject
Global
	GlobalSection(SolutionConfigurationPlatforms) = preSolution
		Debug|Any CPU = Debug|Any CPU
		Release|Any CPU = Release|Any CPU
	EndGlobalSection
	GlobalSection(ProjectConfigurationPlatforms) = postSolution
		{2592F509-20D7-4B7D-8EAF-B588182DF9D3}.Debug|Any CPU.ActiveCfg = Debug|Any CPU
		{2592F509-20D7-4B7D-8EAF-B588182DF9D3}.Debug|Any CPU.Build.0 = Debug|Any CPU
		{2592F509-20D7-4B7D-8EAF-B588182DF9D3}.Release|Any CPU.ActiveCfg = Release|Any CPU
		{2592F509-20D7-4B7D-8EAF-B588182DF9D3}.Release|Any CPU.Build.0 = Release|Any CPU
	EndGlobalSection
	GlobalSection(SolutionProperties) = preSolution
		HideSolutionNode = FALSE
	EndGlobalSection
	GlobalSection(ExtensibilityGlobals) = postSolution
		SolutionGuid = {1C2ACFFB-6D60-4F8F-9E03-999269FE0E90}
	EndGlobalSection
EndGlobal
